// !$*UTF8*$!
{
	archiveVersion = 1;
	classes = {
	};
	objectVersion = 56;
	objects = {

/* Begin PBXBuildFile section */
		C23F93C6295045DD00427D60 /* AppDelegate.swift in Sources */ = {isa = PBXBuildFile; fileRef = C23F93C5295045DD00427D60 /* AppDelegate.swift */; };
		C23F93C8295045DD00427D60 /* SceneDelegate.swift in Sources */ = {isa = PBXBuildFile; fileRef = C23F93C7295045DD00427D60 /* SceneDelegate.swift */; };
		C23F93CA295045DD00427D60 /* CentralViewController.swift in Sources */ = {isa = PBXBuildFile; fileRef = C23F93C9295045DD00427D60 /* CentralViewController.swift */; };
		C23F93CD295045DD00427D60 /* Main.storyboard in Resources */ = {isa = PBXBuildFile; fileRef = C23F93CB295045DD00427D60 /* Main.storyboard */; };
		C23F93CF295045DF00427D60 /* Assets.xcassets in Resources */ = {isa = PBXBuildFile; fileRef = C23F93CE295045DF00427D60 /* Assets.xcassets */; };
		C23F93D2295045DF00427D60 /* LaunchScreen.storyboard in Resources */ = {isa = PBXBuildFile; fileRef = C23F93D0295045DF00427D60 /* LaunchScreen.storyboard */; };
		C23F93DB2950474F00427D60 /* CoreBluetooth.framework in Frameworks */ = {isa = PBXBuildFile; fileRef = C23F93DA2950474F00427D60 /* CoreBluetooth.framework */; };
		C23F93DD29506EC300427D60 /* PeripheralViewController.swift in Sources */ = {isa = PBXBuildFile; fileRef = C23F93DC29506EC300427D60 /* PeripheralViewController.swift */; };
		C23F93E129506F0B00427D60 /* Extensions.swift in Sources */ = {isa = PBXBuildFile; fileRef = C23F93E029506F0B00427D60 /* Extensions.swift */; };
		C23F93E329506F9600427D60 /* Autolayout.swift in Sources */ = {isa = PBXBuildFile; fileRef = C23F93E229506F9600427D60 /* Autolayout.swift */; };
		C23F93E72951AD0500427D60 /* LaunchViewController.swift in Sources */ = {isa = PBXBuildFile; fileRef = C23F93E62951AD0500427D60 /* LaunchViewController.swift */; };
/* End PBXBuildFile section */

/* Begin PBXFileReference section */
		C23F93C2295045DD00427D60 /* iOSBLE.app */ = {isa = PBXFileReference; explicitFileType = wrapper.application; includeInIndex = 0; path = iOSBLE.app; sourceTree = BUILT_PRODUCTS_DIR; };
		C23F93C5295045DD00427D60 /* AppDelegate.swift */ = {isa = PBXFileReference; lastKnownFileType = sourcecode.swift; path = AppDelegate.swift; sourceTree = "<group>"; };
		C23F93C7295045DD00427D60 /* SceneDelegate.swift */ = {isa = PBXFileReference; lastKnownFileType = sourcecode.swift; path = SceneDelegate.swift; sourceTree = "<group>"; };
		C23F93C9295045DD00427D60 /* CentralViewController.swift */ = {isa = PBXFileReference; lastKnownFileType = sourcecode.swift; path = CentralViewController.swift; sourceTree = "<group>"; };
		C23F93CC295045DD00427D60 /* Base */ = {isa = PBXFileReference; lastKnownFileType = file.storyboard; name = Base; path = Base.lproj/Main.storyboard; sourceTree = "<group>"; };
		C23F93CE295045DF00427D60 /* Assets.xcassets */ = {isa = PBXFileReference; lastKnownFileType = folder.assetcatalog; path = Assets.xcassets; sourceTree = "<group>"; };
		C23F93D1295045DF00427D60 /* Base */ = {isa = PBXFileReference; lastKnownFileType = file.storyboard; name = Base; path = Base.lproj/LaunchScreen.storyboard; sourceTree = "<group>"; };
		C23F93D3295045DF00427D60 /* Info.plist */ = {isa = PBXFileReference; lastKnownFileType = text.plist.xml; path = Info.plist; sourceTree = "<group>"; };
		C23F93DA2950474F00427D60 /* CoreBluetooth.framework */ = {isa = PBXFileReference; lastKnownFileType = wrapper.framework; name = CoreBluetooth.framework; path = System/Library/Frameworks/CoreBluetooth.framework; sourceTree = SDKROOT; };
		C23F93DC29506EC300427D60 /* PeripheralViewController.swift */ = {isa = PBXFileReference; lastKnownFileType = sourcecode.swift; path = PeripheralViewController.swift; sourceTree = "<group>"; };
		C23F93E029506F0B00427D60 /* Extensions.swift */ = {isa = PBXFileReference; lastKnownFileType = sourcecode.swift; path = Extensions.swift; sourceTree = "<group>"; };
		C23F93E229506F9600427D60 /* Autolayout.swift */ = {isa = PBXFileReference; lastKnownFileType = sourcecode.swift; path = Autolayout.swift; sourceTree = "<group>"; };
		C23F93E62951AD0500427D60 /* LaunchViewController.swift */ = {isa = PBXFileReference; lastKnownFileType = sourcecode.swift; path = LaunchViewController.swift; sourceTree = "<group>"; };
/* End PBXFileReference section */

/* Begin PBXFrameworksBuildPhase section */
		C23F93BF295045DD00427D60 /* Frameworks */ = {
			isa = PBXFrameworksBuildPhase;
			buildActionMask = 2147483647;
			files = (
				C23F93DB2950474F00427D60 /* CoreBluetooth.framework in Frameworks */,
			);
			runOnlyForDeploymentPostprocessing = 0;
		};
/* End PBXFrameworksBuildPhase section */

/* Begin PBXGroup section */
		C23F93B9295045DC00427D60 = {
			isa = PBXGroup;
			children = (
				C23F93C4295045DD00427D60 /* iOSBLE */,
				C23F93C3295045DD00427D60 /* Products */,
				C23F93D92950474E00427D60 /* Frameworks */,
			);
			sourceTree = "<group>";
		};
		C23F93C3295045DD00427D60 /* Products */ = {
			isa = PBXGroup;
			children = (
				C23F93C2295045DD00427D60 /* iOSBLE.app */,
			);
			name = Products;
			sourceTree = "<group>";
		};
		C23F93C4295045DD00427D60 /* iOSBLE */ = {
			isa = PBXGroup;
			children = (
				C23F93C5295045DD00427D60 /* AppDelegate.swift */,
				C23F93C7295045DD00427D60 /* SceneDelegate.swift */,
				C23F93C9295045DD00427D60 /* CentralViewController.swift */,
				C23F93DC29506EC300427D60 /* PeripheralViewController.swift */,
				C23F93E029506F0B00427D60 /* Extensions.swift */,
				C23F93E62951AD0500427D60 /* LaunchViewController.swift */,
				C23F93E229506F9600427D60 /* Autolayout.swift */,
				C23F93CB295045DD00427D60 /* Main.storyboard */,
				C23F93CE295045DF00427D60 /* Assets.xcassets */,
				C23F93D0295045DF00427D60 /* LaunchScreen.storyboard */,
				C23F93D3295045DF00427D60 /* Info.plist */,
			);
			path = iOSBLE;
			sourceTree = "<group>";
		};
		C23F93D92950474E00427D60 /* Frameworks */ = {
			isa = PBXGroup;
			children = (
				C23F93DA2950474F00427D60 /* CoreBluetooth.framework */,
			);
			name = Frameworks;
			sourceTree = "<group>";
		};
/* End PBXGroup section */

/* Begin PBXNativeTarget section */
		C23F93C1295045DD00427D60 /* iOSBLE */ = {
			isa = PBXNativeTarget;
			buildConfigurationList = C23F93D6295045DF00427D60 /* Build configuration list for PBXNativeTarget "iOSBLE" */;
			buildPhases = (
				C23F93BE295045DD00427D60 /* Sources */,
				C23F93BF295045DD00427D60 /* Frameworks */,
				C23F93C0295045DD00427D60 /* Resources */,
			);
			buildRules = (
			);
			dependencies = (
			);
			name = iOSBLE;
			productName = iOSBLE;
			productReference = C23F93C2295045DD00427D60 /* iOSBLE.app */;
			productType = "com.apple.product-type.application";
		};
/* End PBXNativeTarget section */

/* Begin PBXProject section */
		C23F93BA295045DC00427D60 /* Project object */ = {
			isa = PBXProject;
			attributes = {
				BuildIndependentTargetsInParallel = 1;
				LastSwiftUpdateCheck = 1410;
				LastUpgradeCheck = 1410;
				TargetAttributes = {
					C23F93C1295045DD00427D60 = {
						CreatedOnToolsVersion = 14.1;
					};
				};
			};
			buildConfigurationList = C23F93BD295045DC00427D60 /* Build configuration list for PBXProject "iOSBLE" */;
			compatibilityVersion = "Xcode 14.0";
			developmentRegion = en;
			hasScannedForEncodings = 0;
			knownRegions = (
				en,
				Base,
			);
			mainGroup = C23F93B9295045DC00427D60;
			productRefGroup = C23F93C3295045DD00427D60 /* Products */;
			projectDirPath = "";
			projectRoot = "";
			targets = (
				C23F93C1295045DD00427D60 /* iOSBLE */,
			);
		};
/* End PBXProject section */

/* Begin PBXResourcesBuildPhase section */
		C23F93C0295045DD00427D60 /* Resources */ = {
			isa = PBXResourcesBuildPhase;
			buildActionMask = 2147483647;
			files = (
				C23F93D2295045DF00427D60 /* LaunchScreen.storyboard in Resources */,
				C23F93CF295045DF00427D60 /* Assets.xcassets in Resources */,
				C23F93CD295045DD00427D60 /* Main.storyboard in Resources */,
			);
			runOnlyForDeploymentPostprocessing = 0;
		};
/* End PBXResourcesBuildPhase section */

/* Begin PBXSourcesBuildPhase section */
		C23F93BE295045DD00427D60 /* Sources */ = {
			isa = PBXSourcesBuildPhase;
			buildActionMask = 2147483647;
			files = (
				C23F93E129506F0B00427D60 /* Extensions.swift in Sources */,
				C23F93DD29506EC300427D60 /* PeripheralViewController.swift in Sources */,
				C23F93E329506F9600427D60 /* Autolayout.swift in Sources */,
				C23F93CA295045DD00427D60 /* CentralViewController.swift in Sources */,
				C23F93C6295045DD00427D60 /* AppDelegate.swift in Sources */,
				C23F93E72951AD0500427D60 /* LaunchViewController.swift in Sources */,
				C23F93C8295045DD00427D60 /* SceneDelegate.swift in Sources */,
			);
			runOnlyForDeploymentPostprocessing = 0;
		};
/* End PBXSourcesBuildPhase section */

/* Begin PBXVariantGroup section */
		C23F93CB295045DD00427D60 /* Main.storyboard */ = {
			isa = PBXVariantGroup;
			children = (
				C23F93CC295045DD00427D60 /* Base */,
			);
			name = Main.storyboard;
			sourceTree = "<group>";
		};
		C23F93D0295045DF00427D60 /* LaunchScreen.storyboard */ = {
			isa = PBXVariantGroup;
			children = (
				C23F93D1295045DF00427D60 /* Base */,
			);
			name = LaunchScreen.storyboard;
			sourceTree = "<group>";
		};
/* End PBXVariantGroup section */

/* Begin XCBuildConfiguration section */
		C23F93D4295045DF00427D60 /* Debug */ = {
			isa = XCBuildConfiguration;
			buildSettings = {
				ALWAYS_SEARCH_USER_PATHS = NO;
				CLANG_ANALYZER_NONNULL = YES;
				CLANG_ANALYZER_NUMBER_OBJECT_CONVERSION = YES_AGGRESSIVE;
				CLANG_CXX_LANGUAGE_STANDARD = "gnu++20";
				CLANG_ENABLE_MODULES = YES;
				CLANG_ENABLE_OBJC_ARC = YES;
				CLANG_ENABLE_OBJC_WEAK = YES;
				CLANG_WARN_BLOCK_CAPTURE_AUTORELEASING = YES;
				CLANG_WARN_BOOL_CONVERSION = YES;
				CLANG_WARN_COMMA = YES;
				CLANG_WARN_CONSTANT_CONVERSION = YES;
				CLANG_WARN_DEPRECATED_OBJC_IMPLEMENTATIONS = YES;
				CLANG_WARN_DIRECT_OBJC_ISA_USAGE = YES_ERROR;
				CLANG_WARN_DOCUMENTATION_COMMENTS = YES;
				CLANG_WARN_EMPTY_BODY = YES;
				CLANG_WARN_ENUM_CONVERSION = YES;
				CLANG_WARN_INFINITE_RECURSION = YES;
				CLANG_WARN_INT_CONVERSION = YES;
				CLANG_WARN_NON_LITERAL_NULL_CONVERSION = YES;
				CLANG_WARN_OBJC_IMPLICIT_RETAIN_SELF = YES;
				CLANG_WARN_OBJC_LITERAL_CONVERSION = YES;
				CLANG_WARN_OBJC_ROOT_CLASS = YES_ERROR;
				CLANG_WARN_QUOTED_INCLUDE_IN_FRAMEWORK_HEADER = YES;
				CLANG_WARN_RANGE_LOOP_ANALYSIS = YES;
				CLANG_WARN_STRICT_PROTOTYPES = YES;
				CLANG_WARN_SUSPICIOUS_MOVE = YES;
				CLANG_WARN_UNGUARDED_AVAILABILITY = YES_AGGRESSIVE;
				CLANG_WARN_UNREACHABLE_CODE = YES;
				CLANG_WARN__DUPLICATE_METHOD_MATCH = YES;
				COPY_PHASE_STRIP = NO;
				DEBUG_INFORMATION_FORMAT = dwarf;
				ENABLE_STRICT_OBJC_MSGSEND = YES;
				ENABLE_TESTABILITY = YES;
				GCC_C_LANGUAGE_STANDARD = gnu11;
				GCC_DYNAMIC_NO_PIC = NO;
				GCC_NO_COMMON_BLOCKS = YES;
				GCC_OPTIMIZATION_LEVEL = 0;
				GCC_PREPROCESSOR_DEFINITIONS = (
					"DEBUG=1",
					"$(inherited)",
				);
				GCC_WARN_64_TO_32_BIT_CONVERSION = YES;
				GCC_WARN_ABOUT_RETURN_TYPE = YES_ERROR;
				GCC_WARN_UNDECLARED_SELECTOR = YES;
				GCC_WARN_UNINITIALIZED_AUTOS = YES_AGGRESSIVE;
				GCC_WARN_UNUSED_FUNCTION = YES;
				GCC_WARN_UNUSED_VARIABLE = YES;
				IPHONEOS_DEPLOYMENT_TARGET = 16.1;
				MTL_ENABLE_DEBUG_INFO = INCLUDE_SOURCE;
				MTL_FAST_MATH = YES;
				ONLY_ACTIVE_ARCH = YES;
				SDKROOT = iphoneos;
				SWIFT_ACTIVE_COMPILATION_CONDITIONS = DEBUG;
				SWIFT_OPTIMIZATION_LEVEL = "-Onone";
			};
			name = Debug;
		};
		C23F93D5295045DF00427D60 /* Release */ = {
			isa = XCBuildConfiguration;
			buildSettings = {
				ALWAYS_SEARCH_USER_PATHS = NO;
				CLANG_ANALYZER_NONNULL = YES;
				CLANG_ANALYZER_NUMBER_OBJECT_CONVERSION = YES_AGGRESSIVE;
				CLANG_CXX_LANGUAGE_STANDARD = "gnu++20";
				CLANG_ENABLE_MODULES = YES;
				CLANG_ENABLE_OBJC_ARC = YES;
				CLANG_ENABLE_OBJC_WEAK = YES;
				CLANG_WARN_BLOCK_CAPTURE_AUTORELEASING = YES;
				CLANG_WARN_BOOL_CONVERSION = YES;
				CLANG_WARN_COMMA = YES;
				CLANG_WARN_CONSTANT_CONVERSION = YES;
				CLANG_WARN_DEPRECATED_OBJC_IMPLEMENTATIONS = YES;
				CLANG_WARN_DIRECT_OBJC_ISA_USAGE = YES_ERROR;
				CLANG_WARN_DOCUMENTATION_COMMENTS = YES;
				CLANG_WARN_EMPTY_BODY = YES;
				CLANG_WARN_ENUM_CONVERSION = YES;
				CLANG_WARN_INFINITE_RECURSION = YES;
				CLANG_WARN_INT_CONVERSION = YES;
				CLANG_WARN_NON_LITERAL_NULL_CONVERSION = YES;
				CLANG_WARN_OBJC_IMPLICIT_RETAIN_SELF = YES;
				CLANG_WARN_OBJC_LITERAL_CONVERSION = YES;
				CLANG_WARN_OBJC_ROOT_CLASS = YES_ERROR;
				CLANG_WARN_QUOTED_INCLUDE_IN_FRAMEWORK_HEADER = YES;
				CLANG_WARN_RANGE_LOOP_ANALYSIS = YES;
				CLANG_WARN_STRICT_PROTOTYPES = YES;
				CLANG_WARN_SUSPICIOUS_MOVE = YES;
				CLANG_WARN_UNGUARDED_AVAILABILITY = YES_AGGRESSIVE;
				CLANG_WARN_UNREACHABLE_CODE = YES;
				CLANG_WARN__DUPLICATE_METHOD_MATCH = YES;
				COPY_PHASE_STRIP = NO;
				DEBUG_INFORMATION_FORMAT = "dwarf-with-dsym";
				ENABLE_NS_ASSERTIONS = NO;
				ENABLE_STRICT_OBJC_MSGSEND = YES;
				GCC_C_LANGUAGE_STANDARD = gnu11;
				GCC_NO_COMMON_BLOCKS = YES;
				GCC_WARN_64_TO_32_BIT_CONVERSION = YES;
				GCC_WARN_ABOUT_RETURN_TYPE = YES_ERROR;
				GCC_WARN_UNDECLARED_SELECTOR = YES;
				GCC_WARN_UNINITIALIZED_AUTOS = YES_AGGRESSIVE;
				GCC_WARN_UNUSED_FUNCTION = YES;
				GCC_WARN_UNUSED_VARIABLE = YES;
				IPHONEOS_DEPLOYMENT_TARGET = 16.1;
				MTL_ENABLE_DEBUG_INFO = NO;
				MTL_FAST_MATH = YES;
				SDKROOT = iphoneos;
				SWIFT_COMPILATION_MODE = wholemodule;
				SWIFT_OPTIMIZATION_LEVEL = "-O";
				VALIDATE_PRODUCT = YES;
			};
			name = Release;
		};
		C23F93D7295045DF00427D60 /* Debug */ = {
			isa = XCBuildConfiguration;
			buildSettings = {
				ASSETCATALOG_COMPILER_APPICON_NAME = AppIcon;
				ASSETCATALOG_COMPILER_GLOBAL_ACCENT_COLOR_NAME = AccentColor;
				CODE_SIGN_STYLE = Automatic;
				CURRENT_PROJECT_VERSION = 1;
				DEVELOPMENT_TEAM = 2CQ9R6X293;
				GENERATE_INFOPLIST_FILE = YES;
				INFOPLIST_FILE = iOSBLE/Info.plist;
				INFOPLIST_KEY_NSBluetoothAlwaysUsageDescription = "Allow app to use bluetooth usage";
				INFOPLIST_KEY_UIApplicationSupportsIndirectInputEvents = YES;
				INFOPLIST_KEY_UILaunchStoryboardName = LaunchScreen;
				INFOPLIST_KEY_UIMainStoryboardFile = Main;
				INFOPLIST_KEY_UISupportedInterfaceOrientations = UIInterfaceOrientationPortrait;
				INFOPLIST_KEY_UISupportedInterfaceOrientations_iPad = "UIInterfaceOrientationLandscapeLeft UIInterfaceOrientationLandscapeRight UIInterfaceOrientationPortrait UIInterfaceOrientationPortraitUpsideDown";
				IPHONEOS_DEPLOYMENT_TARGET = 14.2;
				LD_RUNPATH_SEARCH_PATHS = (
					"$(inherited)",
					"@executable_path/Frameworks",
				);
				MARKETING_VERSION = 1.0;
				PRODUCT_BUNDLE_IDENTIFIER = com.tomieq.iOSBLE;
				PRODUCT_NAME = "$(TARGET_NAME)";
				SUPPORTED_PLATFORMS = "iphoneos iphonesimulator";
				SUPPORTS_MACCATALYST = NO;
				SUPPORTS_MAC_DESIGNED_FOR_IPHONE_IPAD = NO;
				SWIFT_EMIT_LOC_STRINGS = YES;
				SWIFT_VERSION = 5.0;
				TARGETED_DEVICE_FAMILY = 1;
			};
			name = Debug;
		};
		C23F93D8295045DF00427D60 /* Release */ = {
			isa = XCBuildConfiguration;
			buildSettings = {
				ASSETCATALOG_COMPILER_APPICON_NAME = AppIcon;
				ASSETCATALOG_COMPILER_GLOBAL_ACCENT_COLOR_NAME = AccentColor;
				CODE_SIGN_STYLE = Automatic;
				CURRENT_PROJECT_VERSION = 1;
				DEVELOPMENT_TEAM = 2CQ9R6X293;
				GENERATE_INFOPLIST_FILE = YES;
				INFOPLIST_FILE = iOSBLE/Info.plist;
				INFOPLIST_KEY_NSBluetoothAlwaysUsageDescription = "Allow app to use bluetooth usage";
				INFOPLIST_KEY_UIApplicationSupportsIndirectInputEvents = YES;
				INFOPLIST_KEY_UILaunchStoryboardName = LaunchScreen;
				INFOPLIST_KEY_UIMainStoryboardFile = Main;
				INFOPLIST_KEY_UISupportedInterfaceOrientations = UIInterfaceOrientationPortrait;
				INFOPLIST_KEY_UISupportedInterfaceOrientations_iPad = "UIInterfaceOrientationLandscapeLeft UIInterfaceOrientationLandscapeRight UIInterfaceOrientationPortrait UIInterfaceOrientationPortraitUpsideDown";
				IPHONEOS_DEPLOYMENT_TARGET = 14.2;
				LD_RUNPATH_SEARCH_PATHS = (
					"$(inherited)",
					"@executable_path/Frameworks",
				);
				MARKETING_VERSION = 1.0;
				PRODUCT_BUNDLE_IDENTIFIER = com.tomieq.iOSBLE;
				PRODUCT_NAME = "$(TARGET_NAME)";
				SUPPORTED_PLATFORMS = "iphoneos iphonesimulator";
				SUPPORTS_MACCATALYST = NO;
				SUPPORTS_MAC_DESIGNED_FOR_IPHONE_IPAD = NO;
				SWIFT_EMIT_LOC_STRINGS = YES;
				SWIFT_VERSION = 5.0;
				TARGETED_DEVICE_FAMILY = 1;
			};
			name = Release;
		};
/* End XCBuildConfiguration section */

/* Begin XCConfigurationList section */
		C23F93BD295045DC00427D60 /* Build configuration list for PBXProject "iOSBLE" */ = {
			isa = XCConfigurationList;
			buildConfigurations = (
				C23F93D4295045DF00427D60 /* Debug */,
				C23F93D5295045DF00427D60 /* Release */,
			);
			defaultConfigurationIsVisible = 0;
			defaultConfigurationName = Release;
		};
		C23F93D6295045DF00427D60 /* Build configuration list for PBXNativeTarget "iOSBLE" */ = {
			isa = XCConfigurationList;
			buildConfigurations = (
				C23F93D7295045DF00427D60 /* Debug */,
				C23F93D8295045DF00427D60 /* Release */,
			);
			defaultConfigurationIsVisible = 0;
			defaultConfigurationName = Release;
		};
/* End XCConfigurationList section */
	};
	rootObject = C23F93BA295045DC00427D60 /* Project object */;
}
